// !$*UTF8*$!
{
	archiveVersion = 1;
	classes = {
	};
	objectVersion = 46;
	objects = {

/* Begin PBXBuildFile section */
		D8055D6414406D0500AB5E23 /* CoreGraphics.framework in Frameworks */ = {isa = PBXBuildFile; fileRef = D8055D6314406D0500AB5E23 /* CoreGraphics.framework */; };
		D8055D6C14406D8500AB5E23 /* IASKAppSettingsView.xib in Resources */ = {isa = PBXBuildFile; fileRef = D8055D6614406D8500AB5E23 /* IASKAppSettingsView.xib */; };
		D8055D6D14406D8500AB5E23 /* IASKAppSettingsWebView.xib in Resources */ = {isa = PBXBuildFile; fileRef = D8055D6714406D8500AB5E23 /* IASKAppSettingsWebView.xib */; };
		D8055D6E14406D8500AB5E23 /* IASKPSSliderSpecifierViewCell.xib in Resources */ = {isa = PBXBuildFile; fileRef = D8055D6814406D8500AB5E23 /* IASKPSSliderSpecifierViewCell.xib */; };
		D8055D6F14406D8500AB5E23 /* IASKPSTextFieldSpecifierViewCell.xib in Resources */ = {isa = PBXBuildFile; fileRef = D8055D6914406D8500AB5E23 /* IASKPSTextFieldSpecifierViewCell.xib */; };
		D8055D7014406D8500AB5E23 /* IASKPSToggleSwitchSpecifierViewCell.xib in Resources */ = {isa = PBXBuildFile; fileRef = D8055D6A14406D8500AB5E23 /* IASKPSToggleSwitchSpecifierViewCell.xib */; };
		D8055D7114406D8500AB5E23 /* IASKSpecifierValuesView.xib in Resources */ = {isa = PBXBuildFile; fileRef = D8055D6B14406D8500AB5E23 /* IASKSpecifierValuesView.xib */; };
		D8055D7B14406DF000AB5E23 /* HTNotifier.strings in Resources */ = {isa = PBXBuildFile; fileRef = D8055D7214406DF000AB5E23 /* HTNotifier.strings */; };
		D8055D8A14406EFB00AB5E23 /* 19-gear.png in Resources */ = {isa = PBXBuildFile; fileRef = D8055D7D14406EFB00AB5E23 /* 19-gear.png */; };
		D8055D8B14406EFB00AB5E23 /* 20-gear2.png in Resources */ = {isa = PBXBuildFile; fileRef = D8055D7E14406EFB00AB5E23 /* 20-gear2.png */; };
		D8055D8C14406EFB00AB5E23 /* 40-inbox.png in Resources */ = {isa = PBXBuildFile; fileRef = D8055D7F14406EFB00AB5E23 /* 40-inbox.png */; };
		D8055D8D14406EFB00AB5E23 /* 57-download.png in Resources */ = {isa = PBXBuildFile; fileRef = D8055D8014406EFB00AB5E23 /* 57-download.png */; };
		D8055D8E14406EFB00AB5E23 /* 103-map.png in Resources */ = {isa = PBXBuildFile; fileRef = D8055D8114406EFB00AB5E23 /* 103-map.png */; };
		D8055D8F14406EFB00AB5E23 /* 112-group.png in Resources */ = {isa = PBXBuildFile; fileRef = D8055D8214406EFB00AB5E23 /* 112-group.png */; };
		D8055D9014406EFB00AB5E23 /* 113-navigation.png in Resources */ = {isa = PBXBuildFile; fileRef = D8055D8314406EFB00AB5E23 /* 113-navigation.png */; };
		D8055D9114406EFB00AB5E23 /* 117-todo.png in Resources */ = {isa = PBXBuildFile; fileRef = D8055D8414406EFB00AB5E23 /* 117-todo.png */; };
		D8055D9214406EFB00AB5E23 /* 184-warning.png in Resources */ = {isa = PBXBuildFile; fileRef = D8055D8514406EFB00AB5E23 /* 184-warning.png */; };
		D8055D9414406EFB00AB5E23 /* HH_logo_114.jpg in Resources */ = {isa = PBXBuildFile; fileRef = D8055D8714406EFB00AB5E23 /* HH_logo_114.jpg */; };
		D8055F40144077A100AB5E23 /* Tiles in Resources */ = {isa = PBXBuildFile; fileRef = D8055F3F144077A100AB5E23 /* Tiles */; };
		D8055F4214407C3900AB5E23 /* icon_dollar.png in Resources */ = {isa = PBXBuildFile; fileRef = D8055F4114407C3900AB5E23 /* icon_dollar.png */; };
		D8055F4414407C4500AB5E23 /* icon_document.png in Resources */ = {isa = PBXBuildFile; fileRef = D8055F4314407C4400AB5E23 /* icon_document.png */; };
		D81A6EA71444558500394431 /* atmos.json in Resources */ = {isa = PBXBuildFile; fileRef = D81A6EA41444558400394431 /* atmos.json */; };
		D81A6EA81444558500394431 /* music.json in Resources */ = {isa = PBXBuildFile; fileRef = D81A6EA51444558500394431 /* music.json */; };
		D81A6EA91444558500394431 /* speech.json in Resources */ = {isa = PBXBuildFile; fileRef = D81A6EA61444558500394431 /* speech.json */; };
		D8230911143CCE8600894000 /* InfoPlist.strings in Resources */ = {isa = PBXBuildFile; fileRef = D823090F143CCE8600894000 /* InfoPlist.strings */; };
		D8230914143CCE8600894000 /* main.m in Sources */ = {isa = PBXBuildFile; fileRef = D8230913143CCE8600894000 /* main.m */; };
		D823091B143CCE8700894000 /* HackneyHearAppDelegate_iPhone.m in Sources */ = {isa = PBXBuildFile; fileRef = D823091A143CCE8700894000 /* HackneyHearAppDelegate_iPhone.m */; };
		D8230922143CCE8700894000 /* HackneyHearAppDelegate_iPad.m in Sources */ = {isa = PBXBuildFile; fileRef = D8230921143CCE8700894000 /* HackneyHearAppDelegate_iPad.m */; };
		D8230925143CCE8700894000 /* MainWindow_iPad.xib in Resources */ = {isa = PBXBuildFile; fileRef = D8230923143CCE8700894000 /* MainWindow_iPad.xib */; };
		D8230930143CD02900894000 /* libAmblr-Core.a in Frameworks */ = {isa = PBXBuildFile; fileRef = D823092F143CD02900894000 /* libAmblr-Core.a */; };
		D823093414405FA000894000 /* HackneyHear_ViewController.m in Sources */ = {isa = PBXBuildFile; fileRef = D823093114405FA000894000 /* HackneyHear_ViewController.m */; };
		D823093514405FA000894000 /* Hackney_Hear_ViewController.xib in Resources */ = {isa = PBXBuildFile; fileRef = D823093314405FA000894000 /* Hackney_Hear_ViewController.xib */; };
		D83204A5144060CD0052038D /* HHSoundManager.m in Sources */ = {isa = PBXBuildFile; fileRef = D83204A0144060CD0052038D /* HHSoundManager.m */; };
		D83204A6144060CD0052038D /* HHMediaStatusViewController.m in Sources */ = {isa = PBXBuildFile; fileRef = D83204A2144060CD0052038D /* HHMediaStatusViewController.m */; };
		D83204A7144060CD0052038D /* HHIntroSound.mp3 in Resources */ = {isa = PBXBuildFile; fileRef = D83204A4144060CD0052038D /* HHIntroSound.mp3 */; };
		D83204F0144063E80052038D /* UIKit.framework in Frameworks */ = {isa = PBXBuildFile; fileRef = D83204DE144063E80052038D /* UIKit.framework */; };
		D83204F1144063E80052038D /* libz.dylib in Frameworks */ = {isa = PBXBuildFile; fileRef = D83204DF144063E80052038D /* libz.dylib */; };
		D83204F3144063E80052038D /* CoreLocation.framework in Frameworks */ = {isa = PBXBuildFile; fileRef = D83204E1144063E80052038D /* CoreLocation.framework */; };
		D83204F4144063E80052038D /* QuartzCore.framework in Frameworks */ = {isa = PBXBuildFile; fileRef = D83204E2144063E80052038D /* QuartzCore.framework */; };
		D83204F5144063E80052038D /* libxml2.dylib in Frameworks */ = {isa = PBXBuildFile; fileRef = D83204E3144063E80052038D /* libxml2.dylib */; };
		D83204F6144063E80052038D /* libicucore.dylib in Frameworks */ = {isa = PBXBuildFile; fileRef = D83204E4144063E80052038D /* libicucore.dylib */; };
		D83204F7144063E80052038D /* MapKit.framework in Frameworks */ = {isa = PBXBuildFile; fileRef = D83204E5144063E80052038D /* MapKit.framework */; };
		D83204F9144063E80052038D /* CFNetwork.framework in Frameworks */ = {isa = PBXBuildFile; fileRef = D83204E7144063E80052038D /* CFNetwork.framework */; };
		D83204FA144063E80052038D /* OpenAL.framework in Frameworks */ = {isa = PBXBuildFile; fileRef = D83204E8144063E80052038D /* OpenAL.framework */; };
		D83204FB144063E80052038D /* SystemConfiguration.framework in Frameworks */ = {isa = PBXBuildFile; fileRef = D83204E9144063E80052038D /* SystemConfiguration.framework */; };
		D83204FC144063E80052038D /* AudioToolbox.framework in Frameworks */ = {isa = PBXBuildFile; fileRef = D83204EA144063E80052038D /* AudioToolbox.framework */; };
		D8320500144063E80052038D /* MobileCoreServices.framework in Frameworks */ = {isa = PBXBuildFile; fileRef = D83204EE144063E80052038D /* MobileCoreServices.framework */; };
		D8320501144063E80052038D /* Foundation.framework in Frameworks */ = {isa = PBXBuildFile; fileRef = D83204EF144063E80052038D /* Foundation.framework */; };
		D83205031440646B0052038D /* MainWindow_iPhone.xib in Resources */ = {isa = PBXBuildFile; fileRef = D83205021440646B0052038D /* MainWindow_iPhone.xib */; };
		D846FFB1144F4E2200867811 /* story.json in Resources */ = {isa = PBXBuildFile; fileRef = D846FFB0144F4E2100867811 /* story.json */; };
		D846FFB7144F4E6900867811 /* AH.png in Resources */ = {isa = PBXBuildFile; fileRef = D846FFB2144F4E6900867811 /* AH.png */; };
		D846FFBA144F4E6900867811 /* icon_controls_3.png in Resources */ = {isa = PBXBuildFile; fileRef = D846FFB5144F4E6900867811 /* icon_controls_3.png */; };
		D846FFBB144F4E6900867811 /* icon_controls_4.png in Resources */ = {isa = PBXBuildFile; fileRef = D846FFB6144F4E6900867811 /* icon_controls_4.png */; };
		D846FFBD144F4E9E00867811 /* Default.png in Resources */ = {isa = PBXBuildFile; fileRef = D846FFBC144F4E9E00867811 /* Default.png */; };
		D8CE47BD144580ED00B08C71 /* AVFoundation.framework in Frameworks */ = {isa = PBXBuildFile; fileRef = D8CE47BC144580ED00B08C71 /* AVFoundation.framework */; };
		D8CE47C1144586AA00B08C71 /* HHOptionsMenuController.m in Sources */ = {isa = PBXBuildFile; fileRef = D8CE47BF144586A900B08C71 /* HHOptionsMenuController.m */; };
		D8CE47C2144586AA00B08C71 /* HHOptionsMenuController.xib in Resources */ = {isa = PBXBuildFile; fileRef = D8CE47C0144586A900B08C71 /* HHOptionsMenuController.xib */; };
		D8CE47C4144588C700B08C71 /* help.html in Resources */ = {isa = PBXBuildFile; fileRef = D8CE47C3144588C700B08C71 /* help.html */; };
		D8EFF92E144069FF0073D9A2 /* HackneyHearAppDelegate.m in Sources */ = {isa = PBXBuildFile; fileRef = D8EFF92D144069FF0073D9A2 /* HackneyHearAppDelegate.m */; };
		D8FECB41144F621F009A3A8D /* HH-sounds in Resources */ = {isa = PBXBuildFile; fileRef = D8FECB40144F621F009A3A8D /* HH-sounds */; };
		D8FECB5114502282009A3A8D /* HH_logo_57.png in Resources */ = {isa = PBXBuildFile; fileRef = D8FECB5014502282009A3A8D /* HH_logo_57.png */; };
		D8FECB5E1451D939009A3A8D /* intro_button.png in Resources */ = {isa = PBXBuildFile; fileRef = D8FECB5D1451D939009A3A8D /* intro_button.png */; };
/* End PBXBuildFile section */

/* Begin PBXFileReference section */
		D8055D6314406D0500AB5E23 /* CoreGraphics.framework */ = {isa = PBXFileReference; lastKnownFileType = wrapper.framework; name = CoreGraphics.framework; path = System/Library/Frameworks/CoreGraphics.framework; sourceTree = SDKROOT; };
		D8055D6614406D8500AB5E23 /* IASKAppSettingsView.xib */ = {isa = PBXFileReference; fileEncoding = 4; lastKnownFileType = file.xib; name = IASKAppSettingsView.xib; path = "../../Core/Amblr-Core/Amblr-Core/InAppSettingsKit/Xibs/IASKAppSettingsView.xib"; sourceTree = "<group>"; };
		D8055D6714406D8500AB5E23 /* IASKAppSettingsWebView.xib */ = {isa = PBXFileReference; fileEncoding = 4; lastKnownFileType = file.xib; name = IASKAppSettingsWebView.xib; path = "../../Core/Amblr-Core/Amblr-Core/InAppSettingsKit/Xibs/IASKAppSettingsWebView.xib"; sourceTree = "<group>"; };
		D8055D6814406D8500AB5E23 /* IASKPSSliderSpecifierViewCell.xib */ = {isa = PBXFileReference; fileEncoding = 4; lastKnownFileType = file.xib; name = IASKPSSliderSpecifierViewCell.xib; path = "../../Core/Amblr-Core/Amblr-Core/InAppSettingsKit/Xibs/IASKPSSliderSpecifierViewCell.xib"; sourceTree = "<group>"; };
		D8055D6914406D8500AB5E23 /* IASKPSTextFieldSpecifierViewCell.xib */ = {isa = PBXFileReference; fileEncoding = 4; lastKnownFileType = file.xib; name = IASKPSTextFieldSpecifierViewCell.xib; path = "../../Core/Amblr-Core/Amblr-Core/InAppSettingsKit/Xibs/IASKPSTextFieldSpecifierViewCell.xib"; sourceTree = "<group>"; };
		D8055D6A14406D8500AB5E23 /* IASKPSToggleSwitchSpecifierViewCell.xib */ = {isa = PBXFileReference; fileEncoding = 4; lastKnownFileType = file.xib; name = IASKPSToggleSwitchSpecifierViewCell.xib; path = "../../Core/Amblr-Core/Amblr-Core/InAppSettingsKit/Xibs/IASKPSToggleSwitchSpecifierViewCell.xib"; sourceTree = "<group>"; };
		D8055D6B14406D8500AB5E23 /* IASKSpecifierValuesView.xib */ = {isa = PBXFileReference; fileEncoding = 4; lastKnownFileType = file.xib; name = IASKSpecifierValuesView.xib; path = "../../Core/Amblr-Core/Amblr-Core/InAppSettingsKit/Xibs/IASKSpecifierValuesView.xib"; sourceTree = "<group>"; };
		D8055D7314406DF000AB5E23 /* de */ = {isa = PBXFileReference; lastKnownFileType = text.plist.strings; name = de; path = de.lproj/HTNotifier.strings; sourceTree = "<group>"; };
		D8055D7414406DF000AB5E23 /* en */ = {isa = PBXFileReference; lastKnownFileType = text.plist.strings; name = en; path = en.lproj/HTNotifier.strings; sourceTree = "<group>"; };
		D8055D7514406DF000AB5E23 /* es */ = {isa = PBXFileReference; lastKnownFileType = text.plist.strings; name = es; path = es.lproj/HTNotifier.strings; sourceTree = "<group>"; };
		D8055D7614406DF000AB5E23 /* fr */ = {isa = PBXFileReference; lastKnownFileType = text.plist.strings; name = fr; path = fr.lproj/HTNotifier.strings; sourceTree = "<group>"; };
		D8055D7714406DF000AB5E23 /* nl */ = {isa = PBXFileReference; lastKnownFileType = text.plist.strings; name = nl; path = nl.lproj/HTNotifier.strings; sourceTree = "<group>"; };
		D8055D7814406DF000AB5E23 /* ro */ = {isa = PBXFileReference; lastKnownFileType = text.plist.strings; name = ro; path = ro.lproj/HTNotifier.strings; sourceTree = "<group>"; };
		D8055D7914406DF000AB5E23 /* ru */ = {isa = PBXFileReference; lastKnownFileType = text.plist.strings; name = ru; path = ru.lproj/HTNotifier.strings; sourceTree = "<group>"; };
		D8055D7A14406DF000AB5E23 /* zh-Hant */ = {isa = PBXFileReference; lastKnownFileType = text.plist.strings; name = "zh-Hant"; path = "zh-Hant.lproj/HTNotifier.strings"; sourceTree = "<group>"; };
		D8055D7D14406EFB00AB5E23 /* 19-gear.png */ = {isa = PBXFileReference; lastKnownFileType = image.png; path = "19-gear.png"; sourceTree = "<group>"; };
		D8055D7E14406EFB00AB5E23 /* 20-gear2.png */ = {isa = PBXFileReference; lastKnownFileType = image.png; path = "20-gear2.png"; sourceTree = "<group>"; };
		D8055D7F14406EFB00AB5E23 /* 40-inbox.png */ = {isa = PBXFileReference; lastKnownFileType = image.png; path = "40-inbox.png"; sourceTree = "<group>"; };
		D8055D8014406EFB00AB5E23 /* 57-download.png */ = {isa = PBXFileReference; lastKnownFileType = image.png; path = "57-download.png"; sourceTree = "<group>"; };
		D8055D8114406EFB00AB5E23 /* 103-map.png */ = {isa = PBXFileReference; lastKnownFileType = image.png; path = "103-map.png"; sourceTree = "<group>"; };
		D8055D8214406EFB00AB5E23 /* 112-group.png */ = {isa = PBXFileReference; lastKnownFileType = image.png; path = "112-group.png"; sourceTree = "<group>"; };
		D8055D8314406EFB00AB5E23 /* 113-navigation.png */ = {isa = PBXFileReference; lastKnownFileType = image.png; path = "113-navigation.png"; sourceTree = "<group>"; };
		D8055D8414406EFB00AB5E23 /* 117-todo.png */ = {isa = PBXFileReference; lastKnownFileType = image.png; path = "117-todo.png"; sourceTree = "<group>"; };
		D8055D8514406EFB00AB5E23 /* 184-warning.png */ = {isa = PBXFileReference; lastKnownFileType = image.png; path = "184-warning.png"; sourceTree = "<group>"; };
		D8055D8714406EFB00AB5E23 /* HH_logo_114.jpg */ = {isa = PBXFileReference; lastKnownFileType = image.jpeg; path = HH_logo_114.jpg; sourceTree = "<group>"; };
		D8055F3F144077A100AB5E23 /* Tiles */ = {isa = PBXFileReference; lastKnownFileType = folder; path = Tiles; sourceTree = "<group>"; };
		D8055F4114407C3900AB5E23 /* icon_dollar.png */ = {isa = PBXFileReference; lastKnownFileType = image.png; path = icon_dollar.png; sourceTree = "<group>"; };
		D8055F4314407C4400AB5E23 /* icon_document.png */ = {isa = PBXFileReference; lastKnownFileType = image.png; path = icon_document.png; sourceTree = "<group>"; };
		D81A6EA41444558400394431 /* atmos.json */ = {isa = PBXFileReference; fileEncoding = 4; lastKnownFileType = text; path = atmos.json; sourceTree = "<group>"; };
		D81A6EA51444558500394431 /* music.json */ = {isa = PBXFileReference; fileEncoding = 4; lastKnownFileType = text; path = music.json; sourceTree = "<group>"; };
		D81A6EA61444558500394431 /* speech.json */ = {isa = PBXFileReference; fileEncoding = 4; lastKnownFileType = text; path = speech.json; sourceTree = "<group>"; };
		D8230902143CCE8600894000 /* HackneyHear.app */ = {isa = PBXFileReference; explicitFileType = wrapper.application; includeInIndex = 0; path = HackneyHear.app; sourceTree = BUILT_PRODUCTS_DIR; };
		D823090E143CCE8600894000 /* HackneyHear-Info.plist */ = {isa = PBXFileReference; lastKnownFileType = text.plist.xml; path = "HackneyHear-Info.plist"; sourceTree = "<group>"; };
		D8230910143CCE8600894000 /* en */ = {isa = PBXFileReference; lastKnownFileType = text.plist.strings; name = en; path = en.lproj/InfoPlist.strings; sourceTree = "<group>"; };
		D8230912143CCE8600894000 /* HackneyHear-Prefix.pch */ = {isa = PBXFileReference; lastKnownFileType = sourcecode.c.h; path = "HackneyHear-Prefix.pch"; sourceTree = "<group>"; };
		D8230913143CCE8600894000 /* main.m */ = {isa = PBXFileReference; lastKnownFileType = sourcecode.c.objc; path = main.m; sourceTree = "<group>"; };
		D8230919143CCE8700894000 /* HackneyHearAppDelegate_iPhone.h */ = {isa = PBXFileReference; lastKnownFileType = sourcecode.c.h; name = HackneyHearAppDelegate_iPhone.h; path = iPhone/HackneyHearAppDelegate_iPhone.h; sourceTree = "<group>"; };
		D823091A143CCE8700894000 /* HackneyHearAppDelegate_iPhone.m */ = {isa = PBXFileReference; lastKnownFileType = sourcecode.c.objc; name = HackneyHearAppDelegate_iPhone.m; path = iPhone/HackneyHearAppDelegate_iPhone.m; sourceTree = "<group>"; };
		D8230920143CCE8700894000 /* HackneyHearAppDelegate_iPad.h */ = {isa = PBXFileReference; lastKnownFileType = sourcecode.c.h; name = HackneyHearAppDelegate_iPad.h; path = iPad/HackneyHearAppDelegate_iPad.h; sourceTree = "<group>"; };
		D8230921143CCE8700894000 /* HackneyHearAppDelegate_iPad.m */ = {isa = PBXFileReference; lastKnownFileType = sourcecode.c.objc; name = HackneyHearAppDelegate_iPad.m; path = iPad/HackneyHearAppDelegate_iPad.m; sourceTree = "<group>"; };
		D8230924143CCE8700894000 /* en */ = {isa = PBXFileReference; lastKnownFileType = file.xib; name = en; path = iPad/en.lproj/MainWindow_iPad.xib; sourceTree = "<group>"; };
		D823092F143CD02900894000 /* libAmblr-Core.a */ = {isa = PBXFileReference; explicitFileType = archive.ar; path = "libAmblr-Core.a"; sourceTree = BUILT_PRODUCTS_DIR; };
		D823093114405FA000894000 /* HackneyHear_ViewController.m */ = {isa = PBXFileReference; fileEncoding = 4; lastKnownFileType = sourcecode.c.objc; path = HackneyHear_ViewController.m; sourceTree = "<group>"; };
		D823093214405FA000894000 /* HackneyHear_ViewController.h */ = {isa = PBXFileReference; fileEncoding = 4; lastKnownFileType = sourcecode.c.h; path = HackneyHear_ViewController.h; sourceTree = "<group>"; };
		D823093314405FA000894000 /* Hackney_Hear_ViewController.xib */ = {isa = PBXFileReference; fileEncoding = 4; lastKnownFileType = file.xib; path = Hackney_Hear_ViewController.xib; sourceTree = "<group>"; };
		D83204A0144060CD0052038D /* HHSoundManager.m */ = {isa = PBXFileReference; fileEncoding = 4; lastKnownFileType = sourcecode.c.objc; path = HHSoundManager.m; sourceTree = "<group>"; };
		D83204A1144060CD0052038D /* HHSoundManager.h */ = {isa = PBXFileReference; fileEncoding = 4; lastKnownFileType = sourcecode.c.h; path = HHSoundManager.h; sourceTree = "<group>"; };
		D83204A2144060CD0052038D /* HHMediaStatusViewController.m */ = {isa = PBXFileReference; fileEncoding = 4; lastKnownFileType = sourcecode.c.objc; path = HHMediaStatusViewController.m; sourceTree = "<group>"; };
		D83204A3144060CD0052038D /* HHMediaStatusViewController.h */ = {isa = PBXFileReference; fileEncoding = 4; lastKnownFileType = sourcecode.c.h; path = HHMediaStatusViewController.h; sourceTree = "<group>"; };
		D83204A4144060CD0052038D /* HHIntroSound.mp3 */ = {isa = PBXFileReference; lastKnownFileType = audio.mp3; path = HHIntroSound.mp3; sourceTree = "<group>"; };
		D83204DE144063E80052038D /* UIKit.framework */ = {isa = PBXFileReference; lastKnownFileType = wrapper.framework; name = UIKit.framework; path = System/Library/Frameworks/UIKit.framework; sourceTree = SDKROOT; };
		D83204DF144063E80052038D /* libz.dylib */ = {isa = PBXFileReference; lastKnownFileType = "compiled.mach-o.dylib"; name = libz.dylib; path = usr/lib/libz.dylib; sourceTree = SDKROOT; };
		D83204E1144063E80052038D /* CoreLocation.framework */ = {isa = PBXFileReference; lastKnownFileType = wrapper.framework; name = CoreLocation.framework; path = System/Library/Frameworks/CoreLocation.framework; sourceTree = SDKROOT; };
		D83204E2144063E80052038D /* QuartzCore.framework */ = {isa = PBXFileReference; lastKnownFileType = wrapper.framework; name = QuartzCore.framework; path = System/Library/Frameworks/QuartzCore.framework; sourceTree = SDKROOT; };
		D83204E3144063E80052038D /* libxml2.dylib */ = {isa = PBXFileReference; lastKnownFileType = "compiled.mach-o.dylib"; name = libxml2.dylib; path = usr/lib/libxml2.dylib; sourceTree = SDKROOT; };
		D83204E4144063E80052038D /* libicucore.dylib */ = {isa = PBXFileReference; lastKnownFileType = "compiled.mach-o.dylib"; name = libicucore.dylib; path = usr/lib/libicucore.dylib; sourceTree = SDKROOT; };
		D83204E5144063E80052038D /* MapKit.framework */ = {isa = PBXFileReference; lastKnownFileType = wrapper.framework; name = MapKit.framework; path = System/Library/Frameworks/MapKit.framework; sourceTree = SDKROOT; };
		D83204E7144063E80052038D /* CFNetwork.framework */ = {isa = PBXFileReference; lastKnownFileType = wrapper.framework; name = CFNetwork.framework; path = System/Library/Frameworks/CFNetwork.framework; sourceTree = SDKROOT; };
		D83204E8144063E80052038D /* OpenAL.framework */ = {isa = PBXFileReference; lastKnownFileType = wrapper.framework; name = OpenAL.framework; path = System/Library/Frameworks/OpenAL.framework; sourceTree = SDKROOT; };
		D83204E9144063E80052038D /* SystemConfiguration.framework */ = {isa = PBXFileReference; lastKnownFileType = wrapper.framework; name = SystemConfiguration.framework; path = System/Library/Frameworks/SystemConfiguration.framework; sourceTree = SDKROOT; };
		D83204EA144063E80052038D /* AudioToolbox.framework */ = {isa = PBXFileReference; lastKnownFileType = wrapper.framework; name = AudioToolbox.framework; path = System/Library/Frameworks/AudioToolbox.framework; sourceTree = SDKROOT; };
		D83204EE144063E80052038D /* MobileCoreServices.framework */ = {isa = PBXFileReference; lastKnownFileType = wrapper.framework; name = MobileCoreServices.framework; path = System/Library/Frameworks/MobileCoreServices.framework; sourceTree = SDKROOT; };
		D83204EF144063E80052038D /* Foundation.framework */ = {isa = PBXFileReference; lastKnownFileType = wrapper.framework; name = Foundation.framework; path = System/Library/Frameworks/Foundation.framework; sourceTree = SDKROOT; };
		D83205021440646B0052038D /* MainWindow_iPhone.xib */ = {isa = PBXFileReference; fileEncoding = 4; lastKnownFileType = file.xib; path = MainWindow_iPhone.xib; sourceTree = "<group>"; };
		D846FFA1144EC74B00867811 /* AlexHear-Info.plist */ = {isa = PBXFileReference; lastKnownFileType = text.plist.xml; name = "AlexHear-Info.plist"; path = "/Users/joe/src/projects/locations/Workspace/HackneyHear/AlexHear-Info.plist"; sourceTree = "<absolute>"; };
		D846FFAE144F4D1D00867811 /* HHConfigurationOptions.h */ = {isa = PBXFileReference; fileEncoding = 4; lastKnownFileType = sourcecode.c.h; path = HHConfigurationOptions.h; sourceTree = "<group>"; };
		D846FFB0144F4E2100867811 /* story.json */ = {isa = PBXFileReference; fileEncoding = 4; lastKnownFileType = text.json; path = story.json; sourceTree = "<group>"; };
		D846FFB2144F4E6900867811 /* AH.png */ = {isa = PBXFileReference; lastKnownFileType = image.png; path = AH.png; sourceTree = "<group>"; };
		D846FFB5144F4E6900867811 /* icon_controls_3.png */ = {isa = PBXFileReference; lastKnownFileType = image.png; name = icon_controls_3.png; path = HackneyHear/icon_controls_3.png; sourceTree = "<group>"; };
		D846FFB6144F4E6900867811 /* icon_controls_4.png */ = {isa = PBXFileReference; lastKnownFileType = image.png; name = icon_controls_4.png; path = HackneyHear/icon_controls_4.png; sourceTree = "<group>"; };
		D846FFBC144F4E9E00867811 /* Default.png */ = {isa = PBXFileReference; lastKnownFileType = image.png; path = Default.png; sourceTree = "<group>"; };
		D8CE47BC144580ED00B08C71 /* AVFoundation.framework */ = {isa = PBXFileReference; lastKnownFileType = wrapper.framework; name = AVFoundation.framework; path = System/Library/Frameworks/AVFoundation.framework; sourceTree = SDKROOT; };
		D8CE47BE144586A900B08C71 /* HHOptionsMenuController.h */ = {isa = PBXFileReference; fileEncoding = 4; lastKnownFileType = sourcecode.c.h; path = HHOptionsMenuController.h; sourceTree = "<group>"; };
		D8CE47BF144586A900B08C71 /* HHOptionsMenuController.m */ = {isa = PBXFileReference; fileEncoding = 4; lastKnownFileType = sourcecode.c.objc; path = HHOptionsMenuController.m; sourceTree = "<group>"; };
		D8CE47C0144586A900B08C71 /* HHOptionsMenuController.xib */ = {isa = PBXFileReference; fileEncoding = 4; lastKnownFileType = file.xib; path = HHOptionsMenuController.xib; sourceTree = "<group>"; };
		D8CE47C3144588C700B08C71 /* help.html */ = {isa = PBXFileReference; fileEncoding = 4; lastKnownFileType = text.html; path = help.html; sourceTree = "<group>"; };
		D8EFF92C144069FF0073D9A2 /* HackneyHearAppDelegate.h */ = {isa = PBXFileReference; fileEncoding = 4; lastKnownFileType = sourcecode.c.h; path = HackneyHearAppDelegate.h; sourceTree = "<group>"; };
		D8EFF92D144069FF0073D9A2 /* HackneyHearAppDelegate.m */ = {isa = PBXFileReference; fileEncoding = 4; lastKnownFileType = sourcecode.c.objc; path = HackneyHearAppDelegate.m; sourceTree = "<group>"; };
		D8FECB40144F621F009A3A8D /* HH-sounds */ = {isa = PBXFileReference; lastKnownFileType = folder; name = "HH-sounds"; path = "../../../HH-sounds"; sourceTree = "<group>"; };
		D8FECB5014502282009A3A8D /* HH_logo_57.png */ = {isa = PBXFileReference; lastKnownFileType = image.png; path = HH_logo_57.png; sourceTree = "<group>"; };
		D8FECB5D1451D939009A3A8D /* intro_button.png */ = {isa = PBXFileReference; lastKnownFileType = image.png; path = intro_button.png; sourceTree = "<group>"; };
/* End PBXFileReference section */

/* Begin PBXFrameworksBuildPhase section */
		D82308FF143CCE8600894000 /* Frameworks */ = {
			isa = PBXFrameworksBuildPhase;
			buildActionMask = 2147483647;
			files = (
				D8CE47BD144580ED00B08C71 /* AVFoundation.framework in Frameworks */,
				D8055D6414406D0500AB5E23 /* CoreGraphics.framework in Frameworks */,
				D8230930143CD02900894000 /* libAmblr-Core.a in Frameworks */,
				D83204F0144063E80052038D /* UIKit.framework in Frameworks */,
				D83204F1144063E80052038D /* libz.dylib in Frameworks */,
				D83204F3144063E80052038D /* CoreLocation.framework in Frameworks */,
				D83204F5144063E80052038D /* libxml2.dylib in Frameworks */,
				D83204F6144063E80052038D /* libicucore.dylib in Frameworks */,
				D83204F7144063E80052038D /* MapKit.framework in Frameworks */,
				D83204F9144063E80052038D /* CFNetwork.framework in Frameworks */,
				D83204FA144063E80052038D /* OpenAL.framework in Frameworks */,
				D8320500144063E80052038D /* MobileCoreServices.framework in Frameworks */,
				D8320501144063E80052038D /* Foundation.framework in Frameworks */,
				D83204FB144063E80052038D /* SystemConfiguration.framework in Frameworks */,
				D83204F4144063E80052038D /* QuartzCore.framework in Frameworks */,
				D83204FC144063E80052038D /* AudioToolbox.framework in Frameworks */,
			);
			runOnlyForDeploymentPostprocessing = 0;
		};
/* End PBXFrameworksBuildPhase section */

/* Begin PBXGroup section */
		D8055D6514406D4800AB5E23 /* Imported Resources */ = {
			isa = PBXGroup;
			children = (
				D8055D7214406DF000AB5E23 /* HTNotifier.strings */,
				D8055D6614406D8500AB5E23 /* IASKAppSettingsView.xib */,
				D8055D6714406D8500AB5E23 /* IASKAppSettingsWebView.xib */,
				D8055D6814406D8500AB5E23 /* IASKPSSliderSpecifierViewCell.xib */,
				D8055D6914406D8500AB5E23 /* IASKPSTextFieldSpecifierViewCell.xib */,
				D8055D6A14406D8500AB5E23 /* IASKPSToggleSwitchSpecifierViewCell.xib */,
				D8055D6B14406D8500AB5E23 /* IASKSpecifierValuesView.xib */,
			);
			name = "Imported Resources";
			path = HackneyHear;
			sourceTree = "<group>";
		};
		D8055D7C14406E2B00AB5E23 /* Icons */ = {
			isa = PBXGroup;
			children = (
				D8055D7D14406EFB00AB5E23 /* 19-gear.png */,
				D8055D7E14406EFB00AB5E23 /* 20-gear2.png */,
				D8055D7F14406EFB00AB5E23 /* 40-inbox.png */,
				D8055D8014406EFB00AB5E23 /* 57-download.png */,
				D8055D8114406EFB00AB5E23 /* 103-map.png */,
				D846FFB5144F4E6900867811 /* icon_controls_3.png */,
				D846FFB6144F4E6900867811 /* icon_controls_4.png */,
				D8055D8214406EFB00AB5E23 /* 112-group.png */,
				D8055D8314406EFB00AB5E23 /* 113-navigation.png */,
				D8055D8414406EFB00AB5E23 /* 117-todo.png */,
				D8055D8514406EFB00AB5E23 /* 184-warning.png */,
				D8FECB5D1451D939009A3A8D /* intro_button.png */,
				D8FECB5014502282009A3A8D /* HH_logo_57.png */,
				D8055D8714406EFB00AB5E23 /* HH_logo_114.jpg */,
				D8055F4314407C4400AB5E23 /* icon_document.png */,
				D8055F4114407C3900AB5E23 /* icon_dollar.png */,
			);
			name = Icons;
			sourceTree = "<group>";
		};
		D82308F7143CCE8600894000 = {
			isa = PBXGroup;
			children = (
				D8CE47BC144580ED00B08C71 /* AVFoundation.framework */,
				D8055F3F144077A100AB5E23 /* Tiles */,
				D8055D6514406D4800AB5E23 /* Imported Resources */,
				D823090C143CCE8600894000 /* HackneyHear */,
				D8055D7C14406E2B00AB5E23 /* Icons */,
				D8230905143CCE8600894000 /* Frameworks */,
				D8230903143CCE8600894000 /* Products */,
			);
			sourceTree = "<group>";
		};
		D8230903143CCE8600894000 /* Products */ = {
			isa = PBXGroup;
			children = (
				D8230902143CCE8600894000 /* HackneyHear.app */,
			);
			name = Products;
			sourceTree = "<group>";
		};
		D8230905143CCE8600894000 /* Frameworks */ = {
			isa = PBXGroup;
			children = (
				D8055D6314406D0500AB5E23 /* CoreGraphics.framework */,
				D83204DE144063E80052038D /* UIKit.framework */,
				D83204DF144063E80052038D /* libz.dylib */,
				D83204E1144063E80052038D /* CoreLocation.framework */,
				D83204E2144063E80052038D /* QuartzCore.framework */,
				D83204E3144063E80052038D /* libxml2.dylib */,
				D83204E4144063E80052038D /* libicucore.dylib */,
				D83204E5144063E80052038D /* MapKit.framework */,
				D83204E7144063E80052038D /* CFNetwork.framework */,
				D83204E8144063E80052038D /* OpenAL.framework */,
				D83204E9144063E80052038D /* SystemConfiguration.framework */,
				D83204EA144063E80052038D /* AudioToolbox.framework */,
				D83204EE144063E80052038D /* MobileCoreServices.framework */,
				D83204EF144063E80052038D /* Foundation.framework */,
				D823092F143CD02900894000 /* libAmblr-Core.a */,
			);
			name = Frameworks;
			sourceTree = "<group>";
		};
		D823090C143CCE8600894000 /* HackneyHear */ = {
			isa = PBXGroup;
			children = (
				D8FECB40144F621F009A3A8D /* HH-sounds */,
				D846FFB0144F4E2100867811 /* story.json */,
				D81A6EA41444558400394431 /* atmos.json */,
				D81A6EA51444558500394431 /* music.json */,
				D81A6EA61444558500394431 /* speech.json */,
				D83204A0144060CD0052038D /* HHSoundManager.m */,
				D83204A1144060CD0052038D /* HHSoundManager.h */,
				D83204A2144060CD0052038D /* HHMediaStatusViewController.m */,
				D83204A3144060CD0052038D /* HHMediaStatusViewController.h */,
				D83204A4144060CD0052038D /* HHIntroSound.mp3 */,
				D846FFAE144F4D1D00867811 /* HHConfigurationOptions.h */,
				D823093114405FA000894000 /* HackneyHear_ViewController.m */,
				D823093214405FA000894000 /* HackneyHear_ViewController.h */,
				D8EFF92C144069FF0073D9A2 /* HackneyHearAppDelegate.h */,
				D8EFF92D144069FF0073D9A2 /* HackneyHearAppDelegate.m */,
				D8CE47BE144586A900B08C71 /* HHOptionsMenuController.h */,
				D8CE47BF144586A900B08C71 /* HHOptionsMenuController.m */,
				D8230918143CCE8700894000 /* iPhone */,
				D823091F143CCE8700894000 /* iPad */,
				D823090D143CCE8600894000 /* Supporting Files */,
			);
			path = HackneyHear;
			sourceTree = "<group>";
		};
		D823090D143CCE8600894000 /* Supporting Files */ = {
			isa = PBXGroup;
			children = (
				D846FFB2144F4E6900867811 /* AH.png */,
				D846FFBC144F4E9E00867811 /* Default.png */,
				D823090E143CCE8600894000 /* HackneyHear-Info.plist */,
				D846FFA1144EC74B00867811 /* AlexHear-Info.plist */,
				D823090F143CCE8600894000 /* InfoPlist.strings */,
				D8230912143CCE8600894000 /* HackneyHear-Prefix.pch */,
				D8230913143CCE8600894000 /* main.m */,
				D8CE47C3144588C700B08C71 /* help.html */,
			);
			name = "Supporting Files";
			sourceTree = "<group>";
		};
		D8230918143CCE8700894000 /* iPhone */ = {
			isa = PBXGroup;
			children = (
				D8230919143CCE8700894000 /* HackneyHearAppDelegate_iPhone.h */,
				D823091A143CCE8700894000 /* HackneyHearAppDelegate_iPhone.m */,
				D823093314405FA000894000 /* Hackney_Hear_ViewController.xib */,
				D8CE47C0144586A900B08C71 /* HHOptionsMenuController.xib */,
				D83205021440646B0052038D /* MainWindow_iPhone.xib */,
			);
			name = iPhone;
			sourceTree = "<group>";
		};
		D823091F143CCE8700894000 /* iPad */ = {
			isa = PBXGroup;
			children = (
				D8230920143CCE8700894000 /* HackneyHearAppDelegate_iPad.h */,
				D8230921143CCE8700894000 /* HackneyHearAppDelegate_iPad.m */,
				D8230923143CCE8700894000 /* MainWindow_iPad.xib */,
			);
			name = iPad;
			sourceTree = "<group>";
		};
/* End PBXGroup section */

/* Begin PBXNativeTarget section */
		D8230901143CCE8600894000 /* HackneyHear */ = {
			isa = PBXNativeTarget;
			buildConfigurationList = D8230928143CCE8700894000 /* Build configuration list for PBXNativeTarget "HackneyHear" */;
			buildPhases = (
				D82308FE143CCE8600894000 /* Sources */,
				D82308FF143CCE8600894000 /* Frameworks */,
				D8230900143CCE8600894000 /* Resources */,
			);
			buildRules = (
			);
			dependencies = (
			);
			name = HackneyHear;
			productName = HackneyHear;
			productReference = D8230902143CCE8600894000 /* HackneyHear.app */;
			productType = "com.apple.product-type.application";
		};
/* End PBXNativeTarget section */

/* Begin PBXProject section */
		D82308F9143CCE8600894000 /* Project object */ = {
			isa = PBXProject;
			attributes = {
				LastUpgradeCheck = 0420;
				ORGANIZATIONNAME = "Imperial College London";
			};
			buildConfigurationList = D82308FC143CCE8600894000 /* Build configuration list for PBXProject "HackneyHear" */;
			compatibilityVersion = "Xcode 3.2";
			developmentRegion = English;
			hasScannedForEncodings = 0;
			knownRegions = (
				en,
			);
			mainGroup = D82308F7143CCE8600894000;
			productRefGroup = D8230903143CCE8600894000 /* Products */;
			projectDirPath = "";
			projectRoot = "";
			targets = (
				D8230901143CCE8600894000 /* HackneyHear */,
			);
		};
/* End PBXProject section */

/* Begin PBXResourcesBuildPhase section */
		D8230900143CCE8600894000 /* Resources */ = {
			isa = PBXResourcesBuildPhase;
			buildActionMask = 2147483647;
			files = (
				D8230911143CCE8600894000 /* InfoPlist.strings in Resources */,
				D8230925143CCE8700894000 /* MainWindow_iPad.xib in Resources */,
				D823093514405FA000894000 /* Hackney_Hear_ViewController.xib in Resources */,
				D83204A7144060CD0052038D /* HHIntroSound.mp3 in Resources */,
				D83205031440646B0052038D /* MainWindow_iPhone.xib in Resources */,
				D8055D6C14406D8500AB5E23 /* IASKAppSettingsView.xib in Resources */,
				D8055D6D14406D8500AB5E23 /* IASKAppSettingsWebView.xib in Resources */,
				D8055D6E14406D8500AB5E23 /* IASKPSSliderSpecifierViewCell.xib in Resources */,
				D8055D6F14406D8500AB5E23 /* IASKPSTextFieldSpecifierViewCell.xib in Resources */,
				D8055D7014406D8500AB5E23 /* IASKPSToggleSwitchSpecifierViewCell.xib in Resources */,
				D8055D7114406D8500AB5E23 /* IASKSpecifierValuesView.xib in Resources */,
				D8055D7B14406DF000AB5E23 /* HTNotifier.strings in Resources */,
				D8055D8A14406EFB00AB5E23 /* 19-gear.png in Resources */,
				D8055D8B14406EFB00AB5E23 /* 20-gear2.png in Resources */,
				D8055D8C14406EFB00AB5E23 /* 40-inbox.png in Resources */,
				D8055D8D14406EFB00AB5E23 /* 57-download.png in Resources */,
				D8055D8E14406EFB00AB5E23 /* 103-map.png in Resources */,
				D8055D8F14406EFB00AB5E23 /* 112-group.png in Resources */,
				D8055D9014406EFB00AB5E23 /* 113-navigation.png in Resources */,
				D8055D9114406EFB00AB5E23 /* 117-todo.png in Resources */,
				D8055D9214406EFB00AB5E23 /* 184-warning.png in Resources */,
				D8055D9414406EFB00AB5E23 /* HH_logo_114.jpg in Resources */,
				D8055F40144077A100AB5E23 /* Tiles in Resources */,
				D8055F4214407C3900AB5E23 /* icon_dollar.png in Resources */,
				D8055F4414407C4500AB5E23 /* icon_document.png in Resources */,
				D81A6EA71444558500394431 /* atmos.json in Resources */,
				D81A6EA81444558500394431 /* music.json in Resources */,
				D81A6EA91444558500394431 /* speech.json in Resources */,
				D8CE47C2144586AA00B08C71 /* HHOptionsMenuController.xib in Resources */,
				D8CE47C4144588C700B08C71 /* help.html in Resources */,
				D846FFB1144F4E2200867811 /* story.json in Resources */,
				D846FFB7144F4E6900867811 /* AH.png in Resources */,
				D846FFBA144F4E6900867811 /* icon_controls_3.png in Resources */,
				D846FFBB144F4E6900867811 /* icon_controls_4.png in Resources */,
				D846FFBD144F4E9E00867811 /* Default.png in Resources */,
				D8FECB41144F621F009A3A8D /* HH-sounds in Resources */,
				D8FECB5114502282009A3A8D /* HH_logo_57.png in Resources */,
				D8FECB5E1451D939009A3A8D /* intro_button.png in Resources */,
			);
			runOnlyForDeploymentPostprocessing = 0;
		};
/* End PBXResourcesBuildPhase section */

/* Begin PBXSourcesBuildPhase section */
		D82308FE143CCE8600894000 /* Sources */ = {
			isa = PBXSourcesBuildPhase;
			buildActionMask = 2147483647;
			files = (
				D8230914143CCE8600894000 /* main.m in Sources */,
				D823091B143CCE8700894000 /* HackneyHearAppDelegate_iPhone.m in Sources */,
				D8230922143CCE8700894000 /* HackneyHearAppDelegate_iPad.m in Sources */,
				D823093414405FA000894000 /* HackneyHear_ViewController.m in Sources */,
				D83204A5144060CD0052038D /* HHSoundManager.m in Sources */,
				D83204A6144060CD0052038D /* HHMediaStatusViewController.m in Sources */,
				D8EFF92E144069FF0073D9A2 /* HackneyHearAppDelegate.m in Sources */,
				D8CE47C1144586AA00B08C71 /* HHOptionsMenuController.m in Sources */,
			);
			runOnlyForDeploymentPostprocessing = 0;
		};
/* End PBXSourcesBuildPhase section */

/* Begin PBXVariantGroup section */
		D8055D7214406DF000AB5E23 /* HTNotifier.strings */ = {
			isa = PBXVariantGroup;
			children = (
				D8055D7314406DF000AB5E23 /* de */,
				D8055D7414406DF000AB5E23 /* en */,
				D8055D7514406DF000AB5E23 /* es */,
				D8055D7614406DF000AB5E23 /* fr */,
				D8055D7714406DF000AB5E23 /* nl */,
				D8055D7814406DF000AB5E23 /* ro */,
				D8055D7914406DF000AB5E23 /* ru */,
				D8055D7A14406DF000AB5E23 /* zh-Hant */,
			);
			name = HTNotifier.strings;
			path = "../../Core/Amblr-Core/Amblr-Core/hoptoadnotifier";
			sourceTree = "<group>";
		};
		D823090F143CCE8600894000 /* InfoPlist.strings */ = {
			isa = PBXVariantGroup;
			children = (
				D8230910143CCE8600894000 /* en */,
			);
			name = InfoPlist.strings;
			sourceTree = "<group>";
		};
		D8230923143CCE8700894000 /* MainWindow_iPad.xib */ = {
			isa = PBXVariantGroup;
			children = (
				D8230924143CCE8700894000 /* en */,
			);
			name = MainWindow_iPad.xib;
			sourceTree = "<group>";
		};
/* End PBXVariantGroup section */

/* Begin XCBuildConfiguration section */
		D8230926143CCE8700894000 /* Debug */ = {
			isa = XCBuildConfiguration;
			buildSettings = {
				ARCHS = "$(ARCHS_STANDARD_32_BIT)";
				CODE_SIGN_IDENTITY = "iPhone Distribution: Joe ZUNTZ";
				"CODE_SIGN_IDENTITY[sdk=iphoneos*]" = "iPhone Distribution: Joe ZUNTZ";
				GCC_C_LANGUAGE_STANDARD = gnu99;
				GCC_OPTIMIZATION_LEVEL = 0;
				GCC_PREPROCESSOR_DEFINITIONS = DEBUG;
				GCC_SYMBOLS_PRIVATE_EXTERN = NO;
				GCC_VERSION = com.apple.compilers.llvmgcc42;
				GCC_WARN_ABOUT_RETURN_TYPE = YES;
				GCC_WARN_UNUSED_VARIABLE = YES;
				HEADER_SEARCH_PATHS = "/Users/joe/src/projects/locations/Workspace/Core/Amblr-Core/Amblr-Core/**";
				IPHONEOS_DEPLOYMENT_TARGET = 4.3;
				PROVISIONING_PROFILE = "BC6D2430-BC5D-45E3-A589-30ED463FF8AC";
				"PROVISIONING_PROFILE[sdk=iphoneos*]" = "BC6D2430-BC5D-45E3-A589-30ED463FF8AC";
				SDKROOT = iphoneos;
				TARGETED_DEVICE_FAMILY = "1,2";
			};
			name = Debug;
		};
		D8230927143CCE8700894000 /* Release */ = {
			isa = XCBuildConfiguration;
			buildSettings = {
				ARCHS = "$(ARCHS_STANDARD_32_BIT)";
				CODE_SIGN_IDENTITY = "iPhone Distribution: Joe ZUNTZ";
				"CODE_SIGN_IDENTITY[sdk=iphoneos*]" = "iPhone Distribution: Joe ZUNTZ";
				GCC_C_LANGUAGE_STANDARD = gnu99;
				GCC_VERSION = com.apple.compilers.llvmgcc42;
				GCC_WARN_ABOUT_RETURN_TYPE = YES;
				GCC_WARN_UNUSED_VARIABLE = YES;
				HEADER_SEARCH_PATHS = "/Users/joe/src/projects/locations/Workspace/Core/Amblr-Core/Amblr-Core/**";
				IPHONEOS_DEPLOYMENT_TARGET = 4.3;
				OTHER_CFLAGS = "-DNS_BLOCK_ASSERTIONS=1";
				PROVISIONING_PROFILE = "BC6D2430-BC5D-45E3-A589-30ED463FF8AC";
				"PROVISIONING_PROFILE[sdk=iphoneos*]" = "BC6D2430-BC5D-45E3-A589-30ED463FF8AC";
				SDKROOT = iphoneos;
				TARGETED_DEVICE_FAMILY = "1,2";
			};
			name = Release;
		};
		D8230929143CCE8700894000 /* Debug */ = {
			isa = XCBuildConfiguration;
			buildSettings = {
				ALWAYS_SEARCH_USER_PATHS = NO;
				CODE_SIGN_IDENTITY = "iPhone Distribution: Joe ZUNTZ";
				"CODE_SIGN_IDENTITY[sdk=iphoneos*]" = "iPhone Distribution: Joe ZUNTZ";
				COPY_PHASE_STRIP = NO;
				GCC_DYNAMIC_NO_PIC = NO;
				GCC_PRECOMPILE_PREFIX_HEADER = YES;
				GCC_PREFIX_HEADER = "HackneyHear/HackneyHear-Prefix.pch";
				GCC_VERSION = com.apple.compilers.llvm.clang.1_0;
				INFOPLIST_FILE = "HackneyHear/HackneyHear-Info.plist";
				"OTHER_CFLAGS[arch=*]" = "";
				PRODUCT_NAME = "$(TARGET_NAME)";
				PROVISIONING_PROFILE = "6E683806-BFE0-413C-8BC7-3A85630FFCB6";
				"PROVISIONING_PROFILE[sdk=iphoneos*]" = "6E683806-BFE0-413C-8BC7-3A85630FFCB6";
				WRAPPER_EXTENSION = app;
			};
			name = Debug;
		};
		D823092A143CCE8700894000 /* Release */ = {
			isa = XCBuildConfiguration;
			buildSettings = {
				ALWAYS_SEARCH_USER_PATHS = NO;
				CODE_SIGN_IDENTITY = "iPhone Distribution: Joe ZUNTZ";
				"CODE_SIGN_IDENTITY[sdk=iphoneos*]" = "iPhone Distribution: Joe ZUNTZ";
				COPY_PHASE_STRIP = YES;
				GCC_PRECOMPILE_PREFIX_HEADER = YES;
				GCC_PREFIX_HEADER = "HackneyHear/HackneyHear-Prefix.pch";
				GCC_VERSION = com.apple.compilers.llvm.clang.1_0;
				INFOPLIST_FILE = "HackneyHear/HackneyHear-Info.plist";
				PRODUCT_NAME = "$(TARGET_NAME)";
				PROVISIONING_PROFILE = "6E683806-BFE0-413C-8BC7-3A85630FFCB6";
				"PROVISIONING_PROFILE[sdk=iphoneos*]" = "6E683806-BFE0-413C-8BC7-3A85630FFCB6";
				VALIDATE_PRODUCT = YES;
				WRAPPER_EXTENSION = app;
			};
			name = Release;
		};
/* End XCBuildConfiguration section */

/* Begin XCConfigurationList section */
		D82308FC143CCE8600894000 /* Build configuration list for PBXProject "HackneyHear" */ = {
			isa = XCConfigurationList;
			buildConfigurations = (
				D8230926143CCE8700894000 /* Debug */,
				D8230927143CCE8700894000 /* Release */,
			);
			defaultConfigurationIsVisible = 0;
			defaultConfigurationName = Release;
		};
		D8230928143CCE8700894000 /* Build configuration list for PBXNativeTarget "HackneyHear" */ = {
			isa = XCConfigurationList;
			buildConfigurations = (
				D8230929143CCE8700894000 /* Debug */,
				D823092A143CCE8700894000 /* Release */,
			);
			defaultConfigurationIsVisible = 0;
			defaultConfigurationName = Release;
		};
/* End XCConfigurationList section */
	};
	rootObject = D82308F9143CCE8600894000 /* Project object */;
}
